// !$*UTF8*$!
{
	archiveVersion = 1;
	classes = {
	};
	objectVersion = 46;
	objects = {

/* Begin PBXBuildFile section */
		043EA16A1A3011FE00192664 /* main.m in Sources */ = {isa = PBXBuildFile; fileRef = 043EA1691A3011FE00192664 /* main.m */; };
		043EA16D1A3011FE00192664 /* AppDelegate.m in Sources */ = {isa = PBXBuildFile; fileRef = 043EA16C1A3011FE00192664 /* AppDelegate.m */; };
		043EA1751A3011FE00192664 /* Images.xcassets in Resources */ = {isa = PBXBuildFile; fileRef = 043EA1741A3011FE00192664 /* Images.xcassets */; };
		043EA1781A3011FE00192664 /* LaunchScreen.xib in Resources */ = {isa = PBXBuildFile; fileRef = 043EA1761A3011FE00192664 /* LaunchScreen.xib */; };
		043EA1841A3011FE00192664 /* ____Tests.m in Sources */ = {isa = PBXBuildFile; fileRef = 043EA1831A3011FE00192664 /* ____Tests.m */; };
		043EA18F1A3012AA00192664 /* LCViewController.m in Sources */ = {isa = PBXBuildFile; fileRef = 043EA18E1A3012AA00192664 /* LCViewController.m */; };
/* End PBXBuildFile section */

/* Begin PBXContainerItemProxy section */
		043EA17E1A3011FE00192664 /* PBXContainerItemProxy */ = {
			isa = PBXContainerItemProxy;
			containerPortal = 043EA15C1A3011FE00192664 /* Project object */;
			proxyType = 1;
			remoteGlobalIDString = 043EA1631A3011FE00192664;
			remoteInfo = "抽屉原理";
		};
/* End PBXContainerItemProxy section */

/* Begin PBXFileReference section */
		043EA1641A3011FE00192664 /* 抽屉原理.app */ = {isa = PBXFileReference; explicitFileType = wrapper.application; includeInIndex = 0; path = "抽屉原理.app"; sourceTree = BUILT_PRODUCTS_DIR; };
		043EA1681A3011FE00192664 /* Info.plist */ = {isa = PBXFileReference; lastKnownFileType = text.plist.xml; path = Info.plist; sourceTree = "<group>"; };
		043EA1691A3011FE00192664 /* main.m */ = {isa = PBXFileReference; lastKnownFileType = sourcecode.c.objc; path = main.m; sourceTree = "<group>"; };
		043EA16B1A3011FE00192664 /* AppDelegate.h */ = {isa = PBXFileReference; lastKnownFileType = sourcecode.c.h; path = AppDelegate.h; sourceTree = "<group>"; };
		043EA16C1A3011FE00192664 /* AppDelegate.m */ = {isa = PBXFileReference; lastKnownFileType = sourcecode.c.objc; path = AppDelegate.m; sourceTree = "<group>"; };
		043EA1741A3011FE00192664 /* Images.xcassets */ = {isa = PBXFileReference; lastKnownFileType = folder.assetcatalog; path = Images.xcassets; sourceTree = "<group>"; };
		043EA1771A3011FE00192664 /* Base */ = {isa = PBXFileReference; lastKnownFileType = file.xib; name = Base; path = Base.lproj/LaunchScreen.xib; sourceTree = "<group>"; };
		043EA17D1A3011FE00192664 /* 抽屉原理Tests.xctest */ = {isa = PBXFileReference; explicitFileType = wrapper.cfbundle; includeInIndex = 0; path = "抽屉原理Tests.xctest"; sourceTree = BUILT_PRODUCTS_DIR; };
		043EA1821A3011FE00192664 /* Info.plist */ = {isa = PBXFileReference; lastKnownFileType = text.plist.xml; path = Info.plist; sourceTree = "<group>"; };
		043EA1831A3011FE00192664 /* ____Tests.m */ = {isa = PBXFileReference; lastKnownFileType = sourcecode.c.objc; path = "____Tests.m"; sourceTree = "<group>"; };
		043EA18D1A3012AA00192664 /* LCViewController.h */ = {isa = PBXFileReference; fileEncoding = 4; lastKnownFileType = sourcecode.c.h; path = LCViewController.h; sourceTree = "<group>"; };
		043EA18E1A3012AA00192664 /* LCViewController.m */ = {isa = PBXFileReference; fileEncoding = 4; lastKnownFileType = sourcecode.c.objc; path = LCViewController.m; sourceTree = "<group>"; };
/* End PBXFileReference section */

/* Begin PBXFrameworksBuildPhase section */
		043EA1611A3011FE00192664 /* Frameworks */ = {
			isa = PBXFrameworksBuildPhase;
			buildActionMask = 2147483647;
			files = (
			);
			runOnlyForDeploymentPostprocessing = 0;
		};
		043EA17A1A3011FE00192664 /* Frameworks */ = {
			isa = PBXFrameworksBuildPhase;
			buildActionMask = 2147483647;
			files = (
			);
			runOnlyForDeploymentPostprocessing = 0;
		};
/* End PBXFrameworksBuildPhase section */

/* Begin PBXGroup section */
		043EA15B1A3011FE00192664 = {
			isa = PBXGroup;
			children = (
				043EA1661A3011FE00192664 /* 抽屉原理 */,
				043EA1801A3011FE00192664 /* 抽屉原理Tests */,
				043EA1651A3011FE00192664 /* Products */,
			);
			sourceTree = "<group>";
		};
		043EA1651A3011FE00192664 /* Products */ = {
			isa = PBXGroup;
			children = (
				043EA1641A3011FE00192664 /* 抽屉原理.app */,
				043EA17D1A3011FE00192664 /* 抽屉原理Tests.xctest */,
			);
			name = Products;
			sourceTree = "<group>";
		};
		043EA1661A3011FE00192664 /* 抽屉原理 */ = {
			isa = PBXGroup;
			children = (
				043EA16B1A3011FE00192664 /* AppDelegate.h */,
				043EA16C1A3011FE00192664 /* AppDelegate.m */,
				043EA18D1A3012AA00192664 /* LCViewController.h */,
				043EA18E1A3012AA00192664 /* LCViewController.m */,
				043EA1741A3011FE00192664 /* Images.xcassets */,
				043EA1761A3011FE00192664 /* LaunchScreen.xib */,
				043EA1671A3011FE00192664 /* Supporting Files */,
			);
			path = "抽屉原理";
			sourceTree = "<group>";
		};
		043EA1671A3011FE00192664 /* Supporting Files */ = {
			isa = PBXGroup;
			children = (
				043EA1681A3011FE00192664 /* Info.plist */,
				043EA1691A3011FE00192664 /* main.m */,
			);
			name = "Supporting Files";
			sourceTree = "<group>";
		};
		043EA1801A3011FE00192664 /* 抽屉原理Tests */ = {
			isa = PBXGroup;
			children = (
				043EA1831A3011FE00192664 /* ____Tests.m */,
				043EA1811A3011FE00192664 /* Supporting Files */,
			);
			path = "抽屉原理Tests";
			sourceTree = "<group>";
		};
		043EA1811A3011FE00192664 /* Supporting Files */ = {
			isa = PBXGroup;
			children = (
				043EA1821A3011FE00192664 /* Info.plist */,
			);
			name = "Supporting Files";
			sourceTree = "<group>";
		};
/* End PBXGroup section */

/* Begin PBXNativeTarget section */
		043EA1631A3011FE00192664 /* 抽屉原理 */ = {
			isa = PBXNativeTarget;
			buildConfigurationList = 043EA1871A3011FE00192664 /* Build configuration list for PBXNativeTarget "抽屉原理" */;
			buildPhases = (
				043EA1601A3011FE00192664 /* Sources */,
				043EA1611A3011FE00192664 /* Frameworks */,
				043EA1621A3011FE00192664 /* Resources */,
			);
			buildRules = (
			);
			dependencies = (
			);
			name = "抽屉原理";
			productName = "抽屉原理";
			productReference = 043EA1641A3011FE00192664 /* 抽屉原理.app */;
			productType = "com.apple.product-type.application";
		};
		043EA17C1A3011FE00192664 /* 抽屉原理Tests */ = {
			isa = PBXNativeTarget;
			buildConfigurationList = 043EA18A1A3011FE00192664 /* Build configuration list for PBXNativeTarget "抽屉原理Tests" */;
			buildPhases = (
				043EA1791A3011FE00192664 /* Sources */,
				043EA17A1A3011FE00192664 /* Frameworks */,
				043EA17B1A3011FE00192664 /* Resources */,
			);
			buildRules = (
			);
			dependencies = (
				043EA17F1A3011FE00192664 /* PBXTargetDependency */,
			);
			name = "抽屉原理Tests";
			productName = "抽屉原理Tests";
			productReference = 043EA17D1A3011FE00192664 /* 抽屉原理Tests.xctest */;
			productType = "com.apple.product-type.bundle.unit-test";
		};
/* End PBXNativeTarget section */

/* Begin PBXProject section */
		043EA15C1A3011FE00192664 /* Project object */ = {
			isa = PBXProject;
			attributes = {
				CLASSPREFIX = LC;
				LastUpgradeCheck = 0610;
				ORGANIZATIONNAME = itcast;
				TargetAttributes = {
					043EA1631A3011FE00192664 = {
						CreatedOnToolsVersion = 6.1;
						DevelopmentTeam = K679JZWN9N;
					};
					043EA17C1A3011FE00192664 = {
						CreatedOnToolsVersion = 6.1;
						TestTargetID = 043EA1631A3011FE00192664;
					};
				};
			};
			buildConfigurationList = 043EA15F1A3011FE00192664 /* Build configuration list for PBXProject "抽屉原理" */;
			compatibilityVersion = "Xcode 3.2";
			developmentRegion = English;
			hasScannedForEncodings = 0;
			knownRegions = (
				en,
				Base,
			);
			mainGroup = 043EA15B1A3011FE00192664;
			productRefGroup = 043EA1651A3011FE00192664 /* Products */;
			projectDirPath = "";
			projectRoot = "";
			targets = (
				043EA1631A3011FE00192664 /* 抽屉原理 */,
				043EA17C1A3011FE00192664 /* 抽屉原理Tests */,
			);
		};
/* End PBXProject section */

/* Begin PBXResourcesBuildPhase section */
		043EA1621A3011FE00192664 /* Resources */ = {
			isa = PBXResourcesBuildPhase;
			buildActionMask = 2147483647;
			files = (
				043EA1781A3011FE00192664 /* LaunchScreen.xib in Resources */,
				043EA1751A3011FE00192664 /* Images.xcassets in Resources */,
			);
			runOnlyForDeploymentPostprocessing = 0;
		};
		043EA17B1A3011FE00192664 /* Resources */ = {
			isa = PBXResourcesBuildPhase;
			buildActionMask = 2147483647;
			files = (
			);
			runOnlyForDeploymentPostprocessing = 0;
		};
/* End PBXResourcesBuildPhase section */

/* Begin PBXSourcesBuildPhase section */
		043EA1601A3011FE00192664 /* Sources */ = {
			isa = PBXSourcesBuildPhase;
			buildActionMask = 2147483647;
			files = (
				043EA16D1A3011FE00192664 /* AppDelegate.m in Sources */,
				043EA16A1A3011FE00192664 /* main.m in Sources */,
				043EA18F1A3012AA00192664 /* LCViewController.m in Sources */,
			);
			runOnlyForDeploymentPostprocessing = 0;
		};
		043EA1791A3011FE00192664 /* Sources */ = {
			isa = PBXSourcesBuildPhase;
			buildActionMask = 2147483647;
			files = (
				043EA1841A3011FE00192664 /* ____Tests.m in Sources */,
			);
			runOnlyForDeploymentPostprocessing = 0;
		};
/* End PBXSourcesBuildPhase section */

/* Begin PBXTargetDependency section */
		043EA17F1A3011FE00192664 /* PBXTargetDependency */ = {
			isa = PBXTargetDependency;
			target = 043EA1631A3011FE00192664 /* 抽屉原理 */;
			targetProxy = 043EA17E1A3011FE00192664 /* PBXContainerItemProxy */;
		};
/* End PBXTargetDependency section */

/* Begin PBXVariantGroup section */
		043EA1761A3011FE00192664 /* LaunchScreen.xib */ = {
			isa = PBXVariantGroup;
			children = (
				043EA1771A3011FE00192664 /* Base */,
			);
			name = LaunchScreen.xib;
			sourceTree = "<group>";
		};
/* End PBXVariantGroup section */

/* Begin XCBuildConfiguration section */
		043EA1851A3011FE00192664 /* Debug */ = {
			isa = XCBuildConfiguration;
			buildSettings = {
				ALWAYS_SEARCH_USER_PATHS = NO;
				CLANG_CXX_LANGUAGE_STANDARD = "gnu++0x";
				CLANG_CXX_LIBRARY = "libc++";
				CLANG_ENABLE_MODULES = YES;
				CLANG_ENABLE_OBJC_ARC = YES;
				CLANG_WARN_BOOL_CONVERSION = YES;
				CLANG_WARN_CONSTANT_CONVERSION = YES;
				CLANG_WARN_DIRECT_OBJC_ISA_USAGE = YES_ERROR;
				CLANG_WARN_EMPTY_BODY = YES;
				CLANG_WARN_ENUM_CONVERSION = YES;
				CLANG_WARN_INT_CONVERSION = YES;
				CLANG_WARN_OBJC_ROOT_CLASS = YES_ERROR;
				CLANG_WARN_UNREACHABLE_CODE = YES;
				CLANG_WARN__DUPLICATE_METHOD_MATCH = YES;
				"CODE_SIGN_IDENTITY[sdk=iphoneos*]" = "iPhone Developer";
				COPY_PHASE_STRIP = NO;
				ENABLE_STRICT_OBJC_MSGSEND = YES;
				GCC_C_LANGUAGE_STANDARD = gnu99;
				GCC_DYNAMIC_NO_PIC = NO;
				GCC_OPTIMIZATION_LEVEL = 0;
				GCC_PREPROCESSOR_DEFINITIONS = (
					"DEBUG=1",
					"$(inherited)",
				);
				GCC_SYMBOLS_PRIVATE_EXTERN = NO;
				GCC_WARN_64_TO_32_BIT_CONVERSION = YES;
				GCC_WARN_ABOUT_RETURN_TYPE = YES_ERROR;
				GCC_WARN_UNDECLARED_SELECTOR = YES;
				GCC_WARN_UNINITIALIZED_AUTOS = YES_AGGRESSIVE;
				GCC_WARN_UNUSED_FUNCTION = YES;
				GCC_WARN_UNUSED_VARIABLE = YES;
				IPHONEOS_DEPLOYMENT_TARGET = 8.1;
				MTL_ENABLE_DEBUG_INFO = YES;
				ONLY_ACTIVE_ARCH = YES;
				SDKROOT = iphoneos;
			};
			name = Debug;
		};
		043EA1861A3011FE00192664 /* Release */ = {
			isa = XCBuildConfiguration;
			buildSettings = {
				ALWAYS_SEARCH_USER_PATHS = NO;
				CLANG_CXX_LANGUAGE_STANDARD = "gnu++0x";
				CLANG_CXX_LIBRARY = "libc++";
				CLANG_ENABLE_MODULES = YES;
				CLANG_ENABLE_OBJC_ARC = YES;
				CLANG_WARN_BOOL_CONVERSION = YES;
				CLANG_WARN_CONSTANT_CONVERSION = YES;
				CLANG_WARN_DIRECT_OBJC_ISA_USAGE = YES_ERROR;
				CLANG_WARN_EMPTY_BODY = YES;
				CLANG_WARN_ENUM_CONVERSION = YES;
				CLANG_WARN_INT_CONVERSION = YES;
				CLANG_WARN_OBJC_ROOT_CLASS = YES_ERROR;
				CLANG_WARN_UNREACHABLE_CODE = YES;
				CLANG_WARN__DUPLICATE_METHOD_MATCH = YES;
				"CODE_SIGN_IDENTITY[sdk=iphoneos*]" = "iPhone Developer";
				COPY_PHASE_STRIP = YES;
				ENABLE_NS_ASSERTIONS = NO;
				ENABLE_STRICT_OBJC_MSGSEND = YES;
				GCC_C_LANGUAGE_STANDARD = gnu99;
				GCC_WARN_64_TO_32_BIT_CONVERSION = YES;
				GCC_WARN_ABOUT_RETURN_TYPE = YES_ERROR;
				GCC_WARN_UNDECLARED_SELECTOR = YES;
				GCC_WARN_UNINITIALIZED_AUTOS = YES_AGGRESSIVE;
				GCC_WARN_UNUSED_FUNCTION = YES;
				GCC_WARN_UNUSED_VARIABLE = YES;
				IPHONEOS_DEPLOYMENT_TARGET = 8.1;
				MTL_ENABLE_DEBUG_INFO = NO;
				SDKROOT = iphoneos;
				VALIDATE_PRODUCT = YES;
			};
			name = Release;
		};
		043EA1881A3011FE00192664 /* Debug */ = {
			isa = XCBuildConfiguration;
			buildSettings = {
				ASSETCATALOG_COMPILER_APPICON_NAME = AppIcon;
				CODE_SIGN_IDENTITY = "iPhone Developer";
				"CODE_SIGN_IDENTITY[sdk=iphoneos*]" = "iPhone Developer";
				INFOPLIST_FILE = "抽屉原理/Info.plist";
				IPHONEOS_DEPLOYMENT_TARGET = 9.0;
				LD_RUNPATH_SEARCH_PATHS = "$(inherited) @executable_path/Frameworks";
				PRODUCT_BUNDLE_IDENTIFIER = "cn.cast.----";
				PRODUCT_NAME = "$(TARGET_NAME)";
				PROVISIONING_PROFILE = "";
			};
			name = Debug;
		};
		043EA1891A3011FE00192664 /* Release */ = {
			isa = XCBuildConfiguration;
			buildSettings = {
				ASSETCATALOG_COMPILER_APPICON_NAME = AppIcon;
				CODE_SIGN_IDENTITY = "iPhone Developer";
				"CODE_SIGN_IDENTITY[sdk=iphoneos*]" = "iPhone Developer";
				INFOPLIST_FILE = "抽屉原理/Info.plist";
				IPHONEOS_DEPLOYMENT_TARGET = 9.0;
				LD_RUNPATH_SEARCH_PATHS = "$(inherited) @executable_path/Frameworks";
				PRODUCT_BUNDLE_IDENTIFIER = "cn.cast.----";
				PRODUCT_NAME = "$(TARGET_NAME)";
				PROVISIONING_PROFILE = "";
			};
			name = Release;
		};
		043EA18B1A3011FE00192664 /* Debug */ = {
			isa = XCBuildConfiguration;
			buildSettings = {
				BUNDLE_LOADER = "$(TEST_HOST)";
				FRAMEWORK_SEARCH_PATHS = (
					"$(SDKROOT)/Developer/Library/Frameworks",
					"$(inherited)",
				);
				GCC_PREPROCESSOR_DEFINITIONS = (
					"DEBUG=1",
					"$(inherited)",
				);
				INFOPLIST_FILE = "抽屉原理Tests/Info.plist";
				LD_RUNPATH_SEARCH_PATHS = "$(inherited) @executable_path/Frameworks @loader_path/Frameworks";
				PRODUCT_NAME = "$(TARGET_NAME)";
				TEST_HOST = "$(BUILT_PRODUCTS_DIR)/抽屉原理.app/抽屉原理";
			};
			name = Debug;
		};
		043EA18C1A3011FE00192664 /* Release */ = {
			isa = XCBuildConfiguration;
			buildSettings = {
				BUNDLE_LOADER = "$(TEST_HOST)";
				FRAMEWORK_SEARCH_PATHS = (
					"$(SDKROOT)/Developer/Library/Frameworks",
					"$(inherited)",
				);
				INFOPLIST_FILE = "抽屉原理Tests/Info.plist";
				LD_RUNPATH_SEARCH_PATHS = "$(inherited) @executable_path/Frameworks @loader_path/Frameworks";
				PRODUCT_NAME = "$(TARGET_NAME)";
				TEST_HOST = "$(BUILT_PRODUCTS_DIR)/抽屉原理.app/抽屉原理";
			};
			name = Release;
		};
/* End XCBuildConfiguration section */

/* Begin XCConfigurationList section */
		043EA15F1A3011FE00192664 /* Build configuration list for PBXProject "抽屉原理" */ = {
			isa = XCConfigurationList;
			buildConfigurations = (
				043EA1851A3011FE00192664 /* Debug */,
				043EA1861A3011FE00192664 /* Release */,
			);
			defaultConfigurationIsVisible = 0;
			defaultConfigurationName = Release;
		};
		043EA1871A3011FE00192664 /* Build configuration list for PBXNativeTarget "抽屉原理" */ = {
			isa = XCConfigurationList;
			buildConfigurations = (
				043EA1881A3011FE00192664 /* Debug */,
				043EA1891A3011FE00192664 /* Release */,
			);
			defaultConfigurationIsVisible = 0;
			defaultConfigurationName = Release;
		};
		043EA18A1A3011FE00192664 /* Build configuration list for PBXNativeTarget "抽屉原理Tests" */ = {
			isa = XCConfigurationList;
			buildConfigurations = (
				043EA18B1A3011FE00192664 /* Debug */,
				043EA18C1A3011FE00192664 /* Release */,
			);
			defaultConfigurationIsVisible = 0;
			defaultConfigurationName = Release;
		};
/* End XCConfigurationList section */
	};
	rootObject = 043EA15C1A3011FE00192664 /* Project object */;
}
